// !$*UTF8*$!
{
	archiveVersion = 1;
	classes = {
	};
	objectVersion = 48;
	objects = {

/* Begin PBXBuildFile section */
		F8281EE21FA1A19F009BAA01 /* AppDelegate.swift in Sources */ = {isa = PBXBuildFile; fileRef = F8281EE11FA1A19F009BAA01 /* AppDelegate.swift */; };
		F8281EE71FA1A1A0009BAA01 /* Main.storyboard in Resources */ = {isa = PBXBuildFile; fileRef = F8281EE51FA1A1A0009BAA01 /* Main.storyboard */; };
		F8281EE91FA1A1A0009BAA01 /* Assets.xcassets in Resources */ = {isa = PBXBuildFile; fileRef = F8281EE81FA1A1A0009BAA01 /* Assets.xcassets */; };
		F8281EEC1FA1A1A0009BAA01 /* LaunchScreen.storyboard in Resources */ = {isa = PBXBuildFile; fileRef = F8281EEA1FA1A1A0009BAA01 /* LaunchScreen.storyboard */; };
		F8281EF71FA1A299009BAA01 /* BaseTimer.swift in Sources */ = {isa = PBXBuildFile; fileRef = F8281EF61FA1A299009BAA01 /* BaseTimer.swift */; };
		F8482B8C1FB27FA3008D72D8 /* CurrentTimerEnum.swift in Sources */ = {isa = PBXBuildFile; fileRef = F8482B8B1FB27FA3008D72D8 /* CurrentTimerEnum.swift */; };
		F8482B8E1FB2888C008D72D8 /* NotificationKeys.swift in Sources */ = {isa = PBXBuildFile; fileRef = F8482B8D1FB2888C008D72D8 /* NotificationKeys.swift */; };
		F86B73F91FC76766005E970C /* DefaultTimers.swift in Sources */ = {isa = PBXBuildFile; fileRef = F86B73F81FC76766005E970C /* DefaultTimers.swift */; };
		F8DF849D1FC6B8B200E0E72C /* TimerConfigViewController.swift in Sources */ = {isa = PBXBuildFile; fileRef = F8DF849C1FC6B8B200E0E72C /* TimerConfigViewController.swift */; };
		F8DF849F1FC6BA2D00E0E72C /* HomeScreenTableViewController.swift in Sources */ = {isa = PBXBuildFile; fileRef = F8DF849E1FC6BA2D00E0E72C /* HomeScreenTableViewController.swift */; };
		F8DF84A11FC6BC5800E0E72C /* TimerDefaultTableViewCell.swift in Sources */ = {isa = PBXBuildFile; fileRef = F8DF84A01FC6BC5800E0E72C /* TimerDefaultTableViewCell.swift */; };
		F8E767241FACF835001B8DB6 /* WorkSession.swift in Sources */ = {isa = PBXBuildFile; fileRef = F8E767231FACF835001B8DB6 /* WorkSession.swift */; };
		F8EC14651FC62D31009CBCCB /* RoundButton.swift in Sources */ = {isa = PBXBuildFile; fileRef = F8EC14641FC62D31009CBCCB /* RoundButton.swift */; };
/* End PBXBuildFile section */

/* Begin PBXFileReference section */
		F8281EDE1FA1A19F009BAA01 /* Doro.app */ = {isa = PBXFileReference; explicitFileType = wrapper.application; includeInIndex = 0; path = Doro.app; sourceTree = BUILT_PRODUCTS_DIR; };
		F8281EE11FA1A19F009BAA01 /* AppDelegate.swift */ = {isa = PBXFileReference; lastKnownFileType = sourcecode.swift; path = AppDelegate.swift; sourceTree = "<group>"; };
		F8281EE61FA1A1A0009BAA01 /* Base */ = {isa = PBXFileReference; lastKnownFileType = file.storyboard; name = Base; path = Base.lproj/Main.storyboard; sourceTree = "<group>"; };
		F8281EE81FA1A1A0009BAA01 /* Assets.xcassets */ = {isa = PBXFileReference; lastKnownFileType = folder.assetcatalog; path = Assets.xcassets; sourceTree = "<group>"; };
		F8281EEB1FA1A1A0009BAA01 /* Base */ = {isa = PBXFileReference; lastKnownFileType = file.storyboard; name = Base; path = Base.lproj/LaunchScreen.storyboard; sourceTree = "<group>"; };
		F8281EED1FA1A1A0009BAA01 /* Info.plist */ = {isa = PBXFileReference; lastKnownFileType = text.plist.xml; path = Info.plist; sourceTree = "<group>"; };
		F8281EF61FA1A299009BAA01 /* BaseTimer.swift */ = {isa = PBXFileReference; lastKnownFileType = sourcecode.swift; path = BaseTimer.swift; sourceTree = "<group>"; };
		F8482B8B1FB27FA3008D72D8 /* CurrentTimerEnum.swift */ = {isa = PBXFileReference; lastKnownFileType = sourcecode.swift; path = CurrentTimerEnum.swift; sourceTree = "<group>"; };
		F8482B8D1FB2888C008D72D8 /* NotificationKeys.swift */ = {isa = PBXFileReference; lastKnownFileType = sourcecode.swift; path = NotificationKeys.swift; sourceTree = "<group>"; };
		F86B73F81FC76766005E970C /* DefaultTimers.swift */ = {isa = PBXFileReference; lastKnownFileType = sourcecode.swift; path = DefaultTimers.swift; sourceTree = "<group>"; };
		F8DF849C1FC6B8B200E0E72C /* TimerConfigViewController.swift */ = {isa = PBXFileReference; lastKnownFileType = sourcecode.swift; path = TimerConfigViewController.swift; sourceTree = "<group>"; };
		F8DF849E1FC6BA2D00E0E72C /* HomeScreenTableViewController.swift */ = {isa = PBXFileReference; lastKnownFileType = sourcecode.swift; path = HomeScreenTableViewController.swift; sourceTree = "<group>"; };
		F8DF84A01FC6BC5800E0E72C /* TimerDefaultTableViewCell.swift */ = {isa = PBXFileReference; lastKnownFileType = sourcecode.swift; path = TimerDefaultTableViewCell.swift; sourceTree = "<group>"; };
		F8E767231FACF835001B8DB6 /* WorkSession.swift */ = {isa = PBXFileReference; lastKnownFileType = sourcecode.swift; path = WorkSession.swift; sourceTree = "<group>"; };
		F8EC14641FC62D31009CBCCB /* RoundButton.swift */ = {isa = PBXFileReference; lastKnownFileType = sourcecode.swift; path = RoundButton.swift; sourceTree = "<group>"; };
/* End PBXFileReference section */

/* Begin PBXFrameworksBuildPhase section */
		F8281EDB1FA1A19F009BAA01 /* Frameworks */ = {
			isa = PBXFrameworksBuildPhase;
			buildActionMask = 2147483647;
			files = (
			);
			runOnlyForDeploymentPostprocessing = 0;
		};
/* End PBXFrameworksBuildPhase section */

/* Begin PBXGroup section */
		F8281ED51FA1A19F009BAA01 = {
			isa = PBXGroup;
			children = (
				F8281EE01FA1A19F009BAA01 /* Doro */,
				F8281EDF1FA1A19F009BAA01 /* Products */,
			);
			sourceTree = "<group>";
		};
		F8281EDF1FA1A19F009BAA01 /* Products */ = {
			isa = PBXGroup;
			children = (
				F8281EDE1FA1A19F009BAA01 /* Doro.app */,
			);
			name = Products;
			sourceTree = "<group>";
		};
		F8281EE01FA1A19F009BAA01 /* Doro */ = {
			isa = PBXGroup;
			children = (
				F8281EF31FA1A219009BAA01 /* Models */,
				F8EC14631FC62D21009CBCCB /* Views */,
				F8281EF41FA1A224009BAA01 /* Controllers */,
				F8281EE51FA1A1A0009BAA01 /* Main.storyboard */,
				F8281EE11FA1A19F009BAA01 /* AppDelegate.swift */,
				F8281EE81FA1A1A0009BAA01 /* Assets.xcassets */,
				F8281EEA1FA1A1A0009BAA01 /* LaunchScreen.storyboard */,
				F8281EED1FA1A1A0009BAA01 /* Info.plist */,
			);
			path = Doro;
			sourceTree = "<group>";
		};
		F8281EF31FA1A219009BAA01 /* Models */ = {
			isa = PBXGroup;
			children = (
				F8281EF61FA1A299009BAA01 /* BaseTimer.swift */,
				F8E767231FACF835001B8DB6 /* WorkSession.swift */,
				F8482B8D1FB2888C008D72D8 /* NotificationKeys.swift */,
				F8482B8B1FB27FA3008D72D8 /* CurrentTimerEnum.swift */,
				F86B73F81FC76766005E970C /* DefaultTimers.swift */,
			);
			path = Models;
			sourceTree = "<group>";
		};
		F8281EF41FA1A224009BAA01 /* Controllers */ = {
			isa = PBXGroup;
			children = (
				F8DF849E1FC6BA2D00E0E72C /* HomeScreenTableViewController.swift */,
				F8DF849C1FC6B8B200E0E72C /* TimerConfigViewController.swift */,
			);
			path = Controllers;
			sourceTree = "<group>";
		};
		F8EC14631FC62D21009CBCCB /* Views */ = {
			isa = PBXGroup;
			children = (
				F8EC14641FC62D31009CBCCB /* RoundButton.swift */,
				F8DF84A01FC6BC5800E0E72C /* TimerDefaultTableViewCell.swift */,
			);
			path = Views;
			sourceTree = "<group>";
		};
/* End PBXGroup section */

/* Begin PBXNativeTarget section */
		F8281EDD1FA1A19F009BAA01 /* Doro */ = {
			isa = PBXNativeTarget;
			buildConfigurationList = F8281EF01FA1A1A0009BAA01 /* Build configuration list for PBXNativeTarget "Doro" */;
			buildPhases = (
				F8281EDA1FA1A19F009BAA01 /* Sources */,
				F8281EDB1FA1A19F009BAA01 /* Frameworks */,
				F8281EDC1FA1A19F009BAA01 /* Resources */,
			);
			buildRules = (
			);
			dependencies = (
			);
			name = Doro;
			productName = Doro;
			productReference = F8281EDE1FA1A19F009BAA01 /* Doro.app */;
			productType = "com.apple.product-type.application";
		};
/* End PBXNativeTarget section */

/* Begin PBXProject section */
		F8281ED61FA1A19F009BAA01 /* Project object */ = {
			isa = PBXProject;
			attributes = {
				LastSwiftUpdateCheck = 0900;
				LastUpgradeCheck = 0900;
				ORGANIZATIONNAME = ThebaudHouse;
				TargetAttributes = {
					F8281EDD1FA1A19F009BAA01 = {
						CreatedOnToolsVersion = 9.0.1;
						ProvisioningStyle = Automatic;
					};
				};
			};
			buildConfigurationList = F8281ED91FA1A19F009BAA01 /* Build configuration list for PBXProject "Doro" */;
			compatibilityVersion = "Xcode 8.0";
			developmentRegion = en;
			hasScannedForEncodings = 0;
			knownRegions = (
				en,
				Base,
			);
			mainGroup = F8281ED51FA1A19F009BAA01;
			productRefGroup = F8281EDF1FA1A19F009BAA01 /* Products */;
			projectDirPath = "";
			projectRoot = "";
			targets = (
				F8281EDD1FA1A19F009BAA01 /* Doro */,
			);
		};
/* End PBXProject section */

/* Begin PBXResourcesBuildPhase section */
		F8281EDC1FA1A19F009BAA01 /* Resources */ = {
			isa = PBXResourcesBuildPhase;
			buildActionMask = 2147483647;
			files = (
				F8281EEC1FA1A1A0009BAA01 /* LaunchScreen.storyboard in Resources */,
				F8281EE91FA1A1A0009BAA01 /* Assets.xcassets in Resources */,
				F8281EE71FA1A1A0009BAA01 /* Main.storyboard in Resources */,
			);
			runOnlyForDeploymentPostprocessing = 0;
		};
/* End PBXResourcesBuildPhase section */

/* Begin PBXSourcesBuildPhase section */
		F8281EDA1FA1A19F009BAA01 /* Sources */ = {
			isa = PBXSourcesBuildPhase;
			buildActionMask = 2147483647;
			files = (
				F8DF849D1FC6B8B200E0E72C /* TimerConfigViewController.swift in Sources */,
				F8482B8E1FB2888C008D72D8 /* NotificationKeys.swift in Sources */,
				F8281EF71FA1A299009BAA01 /* BaseTimer.swift in Sources */,
				F8EC14651FC62D31009CBCCB /* RoundButton.swift in Sources */,
				F8DF84A11FC6BC5800E0E72C /* TimerDefaultTableViewCell.swift in Sources */,
				F8482B8C1FB27FA3008D72D8 /* CurrentTimerEnum.swift in Sources */,
				F8281EE21FA1A19F009BAA01 /* AppDelegate.swift in Sources */,
				F8DF849F1FC6BA2D00E0E72C /* HomeScreenTableViewController.swift in Sources */,
				F8E767241FACF835001B8DB6 /* WorkSession.swift in Sources */,
				F86B73F91FC76766005E970C /* DefaultTimers.swift in Sources */,
			);
			runOnlyForDeploymentPostprocessing = 0;
		};
/* End PBXSourcesBuildPhase section */

/* Begin PBXVariantGroup section */
		F8281EE51FA1A1A0009BAA01 /* Main.storyboard */ = {
			isa = PBXVariantGroup;
			children = (
				F8281EE61FA1A1A0009BAA01 /* Base */,
			);
			name = Main.storyboard;
			sourceTree = "<group>";
		};
		F8281EEA1FA1A1A0009BAA01 /* LaunchScreen.storyboard */ = {
			isa = PBXVariantGroup;
			children = (
				F8281EEB1FA1A1A0009BAA01 /* Base */,
			);
			name = LaunchScreen.storyboard;
			sourceTree = "<group>";
		};
/* End PBXVariantGroup section */

/* Begin XCBuildConfiguration section */
		F8281EEE1FA1A1A0009BAA01 /* Debug */ = {
			isa = XCBuildConfiguration;
			buildSettings = {
				ALWAYS_SEARCH_USER_PATHS = NO;
				CLANG_ANALYZER_NONNULL = YES;
				CLANG_ANALYZER_NUMBER_OBJECT_CONVERSION = YES_AGGRESSIVE;
				CLANG_CXX_LANGUAGE_STANDARD = "gnu++14";
				CLANG_CXX_LIBRARY = "libc++";
				CLANG_ENABLE_MODULES = YES;
				CLANG_ENABLE_OBJC_ARC = YES;
				CLANG_WARN_BLOCK_CAPTURE_AUTORELEASING = YES;
				CLANG_WARN_BOOL_CONVERSION = YES;
				CLANG_WARN_COMMA = YES;
				CLANG_WARN_CONSTANT_CONVERSION = YES;
				CLANG_WARN_DIRECT_OBJC_ISA_USAGE = YES_ERROR;
				CLANG_WARN_DOCUMENTATION_COMMENTS = YES;
				CLANG_WARN_EMPTY_BODY = YES;
				CLANG_WARN_ENUM_CONVERSION = YES;
				CLANG_WARN_INFINITE_RECURSION = YES;
				CLANG_WARN_INT_CONVERSION = YES;
				CLANG_WARN_NON_LITERAL_NULL_CONVERSION = YES;
				CLANG_WARN_OBJC_LITERAL_CONVERSION = YES;
				CLANG_WARN_OBJC_ROOT_CLASS = YES_ERROR;
				CLANG_WARN_RANGE_LOOP_ANALYSIS = YES;
				CLANG_WARN_STRICT_PROTOTYPES = YES;
				CLANG_WARN_SUSPICIOUS_MOVE = YES;
				CLANG_WARN_UNGUARDED_AVAILABILITY = YES_AGGRESSIVE;
				CLANG_WARN_UNREACHABLE_CODE = YES;
				CLANG_WARN__DUPLICATE_METHOD_MATCH = YES;
				CODE_SIGN_IDENTITY = "iPhone Developer";
				COPY_PHASE_STRIP = NO;
				DEBUG_INFORMATION_FORMAT = dwarf;
				ENABLE_STRICT_OBJC_MSGSEND = YES;
				ENABLE_TESTABILITY = YES;
				GCC_C_LANGUAGE_STANDARD = gnu11;
				GCC_DYNAMIC_NO_PIC = NO;
				GCC_NO_COMMON_BLOCKS = YES;
				GCC_OPTIMIZATION_LEVEL = 0;
				GCC_PREPROCESSOR_DEFINITIONS = (
					"DEBUG=1",
					"$(inherited)",
				);
				GCC_WARN_64_TO_32_BIT_CONVERSION = YES;
				GCC_WARN_ABOUT_RETURN_TYPE = YES_ERROR;
				GCC_WARN_UNDECLARED_SELECTOR = YES;
				GCC_WARN_UNINITIALIZED_AUTOS = YES_AGGRESSIVE;
				GCC_WARN_UNUSED_FUNCTION = YES;
				GCC_WARN_UNUSED_VARIABLE = YES;
				IPHONEOS_DEPLOYMENT_TARGET = 11.0;
				MTL_ENABLE_DEBUG_INFO = YES;
				ONLY_ACTIVE_ARCH = YES;
				SDKROOT = iphoneos;
				SWIFT_ACTIVE_COMPILATION_CONDITIONS = DEBUG;
				SWIFT_OPTIMIZATION_LEVEL = "-Onone";
			};
			name = Debug;
		};
		F8281EEF1FA1A1A0009BAA01 /* Release */ = {
			isa = XCBuildConfiguration;
			buildSettings = {
				ALWAYS_SEARCH_USER_PATHS = NO;
				CLANG_ANALYZER_NONNULL = YES;
				CLANG_ANALYZER_NUMBER_OBJECT_CONVERSION = YES_AGGRESSIVE;
				CLANG_CXX_LANGUAGE_STANDARD = "gnu++14";
				CLANG_CXX_LIBRARY = "libc++";
				CLANG_ENABLE_MODULES = YES;
				CLANG_ENABLE_OBJC_ARC = YES;
				CLANG_WARN_BLOCK_CAPTURE_AUTORELEASING = YES;
				CLANG_WARN_BOOL_CONVERSION = YES;
				CLANG_WARN_COMMA = YES;
				CLANG_WARN_CONSTANT_CONVERSION = YES;
				CLANG_WARN_DIRECT_OBJC_ISA_USAGE = YES_ERROR;
				CLANG_WARN_DOCUMENTATION_COMMENTS = YES;
				CLANG_WARN_EMPTY_BODY = YES;
				CLANG_WARN_ENUM_CONVERSION = YES;
				CLANG_WARN_INFINITE_RECURSION = YES;
				CLANG_WARN_INT_CONVERSION = YES;
				CLANG_WARN_NON_LITERAL_NULL_CONVERSION = YES;
				CLANG_WARN_OBJC_LITERAL_CONVERSION = YES;
				CLANG_WARN_OBJC_ROOT_CLASS = YES_ERROR;
				CLANG_WARN_RANGE_LOOP_ANALYSIS = YES;
				CLANG_WARN_STRICT_PROTOTYPES = YES;
				CLANG_WARN_SUSPICIOUS_MOVE = YES;
				CLANG_WARN_UNGUARDED_AVAILABILITY = YES_AGGRESSIVE;
				CLANG_WARN_UNREACHABLE_CODE = YES;
				CLANG_WARN__DUPLICATE_METHOD_MATCH = YES;
				CODE_SIGN_IDENTITY = "iPhone Developer";
				COPY_PHASE_STRIP = NO;
				DEBUG_INFORMATION_FORMAT = "dwarf-with-dsym";
				ENABLE_NS_ASSERTIONS = NO;
				ENABLE_STRICT_OBJC_MSGSEND = YES;
				GCC_C_LANGUAGE_STANDARD = gnu11;
				GCC_NO_COMMON_BLOCKS = YES;
				GCC_WARN_64_TO_32_BIT_CONVERSION = YES;
				GCC_WARN_ABOUT_RETURN_TYPE = YES_ERROR;
				GCC_WARN_UNDECLARED_SELECTOR = YES;
				GCC_WARN_UNINITIALIZED_AUTOS = YES_AGGRESSIVE;
				GCC_WARN_UNUSED_FUNCTION = YES;
				GCC_WARN_UNUSED_VARIABLE = YES;
				IPHONEOS_DEPLOYMENT_TARGET = 11.0;
				MTL_ENABLE_DEBUG_INFO = NO;
				SDKROOT = iphoneos;
				SWIFT_OPTIMIZATION_LEVEL = "-Owholemodule";
				VALIDATE_PRODUCT = YES;
			};
			name = Release;
		};
		F8281EF11FA1A1A0009BAA01 /* Debug */ = {
			isa = XCBuildConfiguration;
			buildSettings = {
				ASSETCATALOG_COMPILER_APPICON_NAME = AppIcon;
				CODE_SIGN_STYLE = Automatic;
				DEVELOPMENT_TEAM = F2WG4JNKQC;
				INFOPLIST_FILE = Doro/Info.plist;
				LD_RUNPATH_SEARCH_PATHS = "$(inherited) @executable_path/Frameworks";
				PRODUCT_BUNDLE_IDENTIFIER = ThebaudHouse.Doro;
				PRODUCT_NAME = "$(TARGET_NAME)";
				SWIFT_VERSION = 4.0;
				TARGETED_DEVICE_FAMILY = "1,2";
			};
			name = Debug;
		};
		F8281EF21FA1A1A0009BAA01 /* Release */ = {
			isa = XCBuildConfiguration;
			buildSettings = {
				ASSETCATALOG_COMPILER_APPICON_NAME = AppIcon;
				CODE_SIGN_STYLE = Automatic;
				DEVELOPMENT_TEAM = F2WG4JNKQC;
				INFOPLIST_FILE = Doro/Info.plist;
				LD_RUNPATH_SEARCH_PATHS = "$(inherited) @executable_path/Frameworks";
				PRODUCT_BUNDLE_IDENTIFIER = ThebaudHouse.Doro;
				PRODUCT_NAME = "$(TARGET_NAME)";
				SWIFT_VERSION = 4.0;
				TARGETED_DEVICE_FAMILY = "1,2";
			};
			name = Release;
		};
/* End XCBuildConfiguration section */

/* Begin XCConfigurationList section */
		F8281ED91FA1A19F009BAA01 /* Build configuration list for PBXProject "Doro" */ = {
			isa = XCConfigurationList;
			buildConfigurations = (
				F8281EEE1FA1A1A0009BAA01 /* Debug */,
				F8281EEF1FA1A1A0009BAA01 /* Release */,
			);
			defaultConfigurationIsVisible = 0;
			defaultConfigurationName = Release;
		};
		F8281EF01FA1A1A0009BAA01 /* Build configuration list for PBXNativeTarget "Doro" */ = {
			isa = XCConfigurationList;
			buildConfigurations = (
				F8281EF11FA1A1A0009BAA01 /* Debug */,
				F8281EF21FA1A1A0009BAA01 /* Release */,
			);
			defaultConfigurationIsVisible = 0;
			defaultConfigurationName = Release;
		};
/* End XCConfigurationList section */
	};
	rootObject = F8281ED61FA1A19F009BAA01 /* Project object */;
}
